
Microsoft Visual Studio Solution File, Format Version 12.00
# Visual Studio Version 16
VisualStudioVersion = 16.0.30907.101
MinimumVisualStudioVersion = 10.0.40219.1
Project("{9A19103F-16F7-4668-BE54-9A1E7A4F7556}") = "Digitalis", "Digitalis\Digitalis.csproj", "{8D54E4BE-2666-44EF-A3EB-65AEF2811CF8}"
EndProject
Project("{9A19103F-16F7-4668-BE54-9A1E7A4F7556}") = "Specs", "Specs\Specs.csproj", "{F7D140B3-4B40-4544-8941-83B67A73F69D}"
EndProject
Project("{FAE04EC0-301F-11D3-BF4B-00C04F79EFBC}") = "WebTest", "WebTest\WebTest.csproj", "{77D51649-A908-41EE-A1FE-ED415CE7273E}"
EndProject
Global
	GlobalSection(SolutionConfigurationPlatforms) = preSolution
		Debug|Any CPU = Debug|Any CPU
		Release|Any CPU = Release|Any CPU
	EndGlobalSection
	GlobalSection(ProjectConfigurationPlatforms) = postSolution
		{8D54E4BE-2666-44EF-A3EB-65AEF2811CF8}.Debug|Any CPU.ActiveCfg = Debug|Any CPU
		{8D54E4BE-2666-44EF-A3EB-65AEF2811CF8}.Debug|Any CPU.Build.0 = Debug|Any CPU
		{8D54E4BE-2666-44EF-A3EB-65AEF2811CF8}.Release|Any CPU.ActiveCfg = Release|Any CPU
		{8D54E4BE-2666-44EF-A3EB-65AEF2811CF8}.Release|Any CPU.Build.0 = Release|Any CPU
		{F7D140B3-4B40-4544-8941-83B67A73F69D}.Debug|Any CPU.ActiveCfg = Debug|Any CPU
		{F7D140B3-4B40-4544-8941-83B67A73F69D}.Debug|Any CPU.Build.0 = Debug|Any CPU
		{F7D140B3-4B40-4544-8941-83B67A73F69D}.Release|Any CPU.ActiveCfg = Release|Any CPU
		{F7D140B3-4B40-4544-8941-83B67A73F69D}.Release|Any CPU.Build.0 = Release|Any CPU
		{77D51649-A908-41EE-A1FE-ED415CE7273E}.Debug|Any CPU.ActiveCfg = Debug|Any CPU
		{77D51649-A908-41EE-A1FE-ED415CE7273E}.Debug|Any CPU.Build.0 = Debug|Any CPU
		{77D51649-A908-41EE-A1FE-ED415CE7273E}.Release|Any CPU.ActiveCfg = Release|Any CPU
		{77D51649-A908-41EE-A1FE-ED415CE7273E}.Release|Any CPU.Build.0 = Release|Any CPU
	EndGlobalSection
	GlobalSection(SolutionProperties) = preSolution
		HideSolutionNode = FALSE
	EndGlobalSection
	GlobalSection(ExtensibilityGlobals) = postSolution
		SolutionGuid = {5B9836D3-564E-45FE-BF24-358A728DF882}
	EndGlobalSection
EndGlobal
